<?xml version="1.0" encoding="utf-8"?>
<Project ToolsVersion="4.0" xmlns="http://schemas.microsoft.com/developer/msbuild/2003">
  <ItemGroup>
    <Filter Include="Source Files">
      <UniqueIdentifier>{5b9c72e6-05b3-4d7d-935f-dbc005f6cb0e}</UniqueIdentifier>
      <Extensions>cpp;c;cxx;def;odl;idl;hpj;bat;asm</Extensions>
    </Filter>
    <Filter Include="Header Files">
      <UniqueIdentifier>{7904c5db-a451-43fc-a39c-20ad5f2e8457}</UniqueIdentifier>
      <Extensions>h;hpp;hxx;hm;inl;inc</Extensions>
    </Filter>
    <Filter Include="Resource Files">
      <UniqueIdentifier>{9ab6245d-b371-4f14-bf4f-31338ac3e059}</UniqueIdentifier>
      <Extensions>rc;ico;cur;bmp;dlg;rc2;rct;bin;rgs;jpg;jpeg;jpe;manifest</Extensions>
    </Filter>
  </ItemGroup>
  <ItemGroup>
    <ClCompile Include="Fractal.cpp">
      <Filter>Source Files</Filter>
    </ClCompile>
    <ClCompile Include="FractalDialog.cpp">
      <Filter>Source Files</Filter>
    </ClCompile>
    <ClCompile Include="FractalDoc.cpp">
      <Filter>Source Files</Filter>
    </ClCompile>
    <ClCompile Include="FractalView.cpp">
      <Filter>Source Files</Filter>
    </ClCompile>
    <ClCompile Include="MainFrm.cpp">
      <Filter>Source Files</Filter>
    </ClCompile>
    <ClCompile Include="SierpinskiDialog.cpp">
      <Filter>Source Files</Filter>
    </ClCompile>
    <ClCompile Include="stdafx.cpp">
      <Filter>Source Files</Filter>
    </ClCompile>
    <ClCompile Include="TreeDialog.cpp">
      <Filter>Source Files</Filter>
    </ClCompile>
    <ClCompile Include="SnowDialog.cpp">
      <Filter>Source Files</Filter>
    </ClCompile>
    <ClCompile Include="..\FractalLib\Fractal.cpp">
      <Filter>Source Files</Filter>
    </ClCompile>
    <ClCompile Include="..\FractalLib\SierpinskiFractal.cpp">
      <Filter>Source Files</Filter>
    </ClCompile>
    <ClCompile Include="..\FractalLib\SnowFractal.cpp">
      <Filter>Source Files</Filter>
    </ClCompile>
    <ClCompile Include="..\FractalLib\TreeFractal.cpp">
      <Filter>Source Files</Filter>
    </ClCompile>
  </ItemGroup>
  <ItemGroup>
    <Midl Include="Fractal.idl">
      <Filter>Source Files</Filter>
    </Midl>
  </ItemGroup>
  <ItemGroup>
    <ClInclude Include="Fractal.h">
      <Filter>Header Files</Filter>
    </ClInclude>
    <ClInclude Include="FractalDialog.h">
      <Filter>Header Files</Filter>
    </ClInclude>
    <ClInclude Include="FractalDoc.h">
      <Filter>Header Files</Filter>
    </ClInclude>
    <ClInclude Include="FractalView.h">
      <Filter>Header Files</Filter>
    </ClInclude>
    <ClInclude Include="MainFrm.h">
      <Filter>Header Files</Filter>
    </ClInclude>
    <ClInclude Include="Resource.h">
      <Filter>Header Files</Filter>
    </ClInclude>
    <ClInclude Include="SierpinskiDialog.h">
      <Filter>Header Files</Filter>
    </ClInclude>
    <ClInclude Include="SnowDialog.h">
      <Filter>Header Files</Filter>
    </ClInclude>
    <ClInclude Include="stdafx.h">
      <Filter>Header Files</Filter>
    </ClInclude>
    <ClInclude Include="TreeDialog.h">
      <Filter>Header Files</Filter>
    </ClInclude>
    <ClInclude Include="..\FractalLib\Fractal.h">
      <Filter>Source Files</Filter>
    </ClInclude>
    <ClInclude Include="..\FractalLib\SierpinskiFractal.h">
      <Filter>Source Files</Filter>
    </ClInclude>
    <ClInclude Include="..\FractalLib\SnowFractal.h">
      <Filter>Source Files</Filter>
    </ClInclude>
    <ClInclude Include="..\FractalLib\TreeFractal.h">
      <Filter>Source Files</Filter>
    </ClInclude>
  </ItemGroup>
  <ItemGroup>
    <None Include="res\Fractal.ico">
      <Filter>Resource Files</Filter>
    </None>
    <None Include="res\Fractal.rc2">
      <Filter>Resource Files</Filter>
    </None>
    <None Include="res\FractalDoc.ico">
      <Filter>Resource Files</Filter>
    </None>
    <None Include="res\Toolbar.bmp">
      <Filter>Resource Files</Filter>
    </None>
    <None Include="Fractal.reg" />
    <None Include="ReadMe.txt" />
  </ItemGroup>
  <ItemGroup>
    <ResourceCompile Include="Fractal.rc">
      <Filter>Resource Files</Filter>
    </ResourceCompile>
  </ItemGroup>
  <ItemGroup>
    <CustomBuildStep Include="res\Fractal.manifest">
      <Filter>Resource Files</Filter>
    </CustomBuildStep>
  </ItemGroup>
</Project>