<?xml version="1.0" encoding="utf-8"?>
<Project ToolsVersion="4.0" xmlns="http://schemas.microsoft.com/developer/msbuild/2003">
  <ItemGroup>
    <Filter Include="Source Files">
      <UniqueIdentifier>{f58d0254-5caa-416b-b77d-8c265ec2aa6b}</UniqueIdentifier>
      <Extensions>cpp;c;cxx;def;odl;idl;hpj;bat;asm</Extensions>
    </Filter>
    <Filter Include="Header Files">
      <UniqueIdentifier>{7870a758-f169-4be3-ab01-d6ae9b68f959}</UniqueIdentifier>
      <Extensions>h;hpp;hxx;hm;inl;inc</Extensions>
    </Filter>
    <Filter Include="Resource Files">
      <UniqueIdentifier>{a58e3926-a02e-4541-a2f4-80631fcebad1}</UniqueIdentifier>
      <Extensions>rc;ico;cur;bmp;dlg;rc2;rct;bin;rgs;jpg;jpeg;jpe;manifest</Extensions>
    </Filter>
  </ItemGroup>
  <ItemGroup>
    <ClCompile Include="Fractal.cpp">
      <Filter>Source Files</Filter>
    </ClCompile>
    <ClCompile Include="Lib\Fractal.cpp">
      <Filter>Source Files</Filter>
    </ClCompile>
    <ClCompile Include="FractalDialog.cpp">
      <Filter>Source Files</Filter>
    </ClCompile>
    <ClCompile Include="FractalDoc.cpp">
      <Filter>Source Files</Filter>
    </ClCompile>
    <ClCompile Include="FractalView.cpp">
      <Filter>Source Files</Filter>
    </ClCompile>
    <ClCompile Include="MainFrm.cpp">
      <Filter>Source Files</Filter>
    </ClCompile>
    <ClCompile Include="SierpinskiDialog.cpp">
      <Filter>Source Files</Filter>
    </ClCompile>
    <ClCompile Include="Lib\SierpinskiFractal.cpp">
      <Filter>Source Files</Filter>
    </ClCompile>
    <ClCompile Include="SnowDialog.cpp">
      <Filter>Source Files</Filter>
    </ClCompile>
    <ClCompile Include="Lib\SnowFractal.cpp">
      <Filter>Source Files</Filter>
    </ClCompile>
    <ClCompile Include="stdafx.cpp">
      <Filter>Source Files</Filter>
    </ClCompile>
    <ClCompile Include="TreeDialog.cpp">
      <Filter>Source Files</Filter>
    </ClCompile>
    <ClCompile Include="Lib\TreeFractal.cpp">
      <Filter>Source Files</Filter>
    </ClCompile>
  </ItemGroup>
  <ItemGroup>
    <Midl Include="Fractal.idl">
      <Filter>Source Files</Filter>
    </Midl>
  </ItemGroup>
  <ItemGroup>
    <ClInclude Include="Lib\Fractal.h">
      <Filter>Header Files</Filter>
    </ClInclude>
    <ClInclude Include="Fractal.h">
      <Filter>Header Files</Filter>
    </ClInclude>
    <ClInclude Include="FractalDialog.h">
      <Filter>Header Files</Filter>
    </ClInclude>
    <ClInclude Include="FractalDoc.h">
      <Filter>Header Files</Filter>
    </ClInclude>
    <ClInclude Include="FractalView.h">
      <Filter>Header Files</Filter>
    </ClInclude>
    <ClInclude Include="MainFrm.h">
      <Filter>Header Files</Filter>
    </ClInclude>
    <ClInclude Include="Resource.h">
      <Filter>Header Files</Filter>
    </ClInclude>
    <ClInclude Include="SierpinskiDialog.h">
      <Filter>Header Files</Filter>
    </ClInclude>
    <ClInclude Include="Lib\SierpinskiFractal.h">
      <Filter>Header Files</Filter>
    </ClInclude>
    <ClInclude Include="SnowDialog.h">
      <Filter>Header Files</Filter>
    </ClInclude>
    <ClInclude Include="Lib\SnowFractal.h">
      <Filter>Header Files</Filter>
    </ClInclude>
    <ClInclude Include="stdafx.h">
      <Filter>Header Files</Filter>
    </ClInclude>
    <ClInclude Include="TreeDialog.h">
      <Filter>Header Files</Filter>
    </ClInclude>
    <ClInclude Include="Lib\TreeFractal.h">
      <Filter>Header Files</Filter>
    </ClInclude>
  </ItemGroup>
  <ItemGroup>
    <Image Include="res\Fractal.ico">
      <Filter>Resource Files</Filter>
    </Image>
    <Image Include="res\FractalDoc.ico">
      <Filter>Resource Files</Filter>
    </Image>
    <Image Include="res\Toolbar.bmp">
      <Filter>Resource Files</Filter>
    </Image>
  </ItemGroup>
  <ItemGroup>
    <ResourceCompile Include="Fractal.rc">
      <Filter>Resource Files</Filter>
    </ResourceCompile>
  </ItemGroup>
  <ItemGroup>
    <None Include="res\Fractal.rc2">
      <Filter>Resource Files</Filter>
    </None>
    <None Include="Fractal.reg" />
  </ItemGroup>
  <ItemGroup>
    <Text Include="ReadMe.txt" />
  </ItemGroup>
  <ItemGroup>
    <CustomBuild Include="res\Fractal.manifest">
      <Filter>Resource Files</Filter>
    </CustomBuild>
  </ItemGroup>
</Project>